
Microsoft Visual Studio Solution File, Format Version 12.00
# Visual Studio Version 16
VisualStudioVersion = 16.0.29306.81
MinimumVisualStudioVersion = 10.0.40219.1
Project("{FAE04EC0-301F-11D3-BF4B-00C04F79EFBC}") = "WiFiValidatorTest", "WiFiValidatorTest\WiFiValidatorTest.csproj", "{FC189AD7-3BE0-47A8-ADA4-A1099664ED5D}"
EndProject
Global
	GlobalSection(SolutionConfigurationPlatforms) = preSolution
		Debug|Any CPU = Debug|Any CPU
		Release|Any CPU = Release|Any CPU
	EndGlobalSection
	GlobalSection(ProjectConfigurationPlatforms) = postSolution
		{FC189AD7-3BE0-47A8-ADA4-A1099664ED5D}.Debug|Any CPU.ActiveCfg = Debug|Any CPU
		{FC189AD7-3BE0-47A8-ADA4-A1099664ED5D}.Debug|Any CPU.Build.0 = Debug|Any CPU
		{FC189AD7-3BE0-47A8-ADA4-A1099664ED5D}.Release|Any CPU.ActiveCfg = Release|Any CPU
		{FC189AD7-3BE0-47A8-ADA4-A1099664ED5D}.Release|Any CPU.Build.0 = Release|Any CPU
	EndGlobalSection
	GlobalSection(SolutionProperties) = preSolution
		HideSolutionNode = FALSE
	EndGlobalSection
	GlobalSection(ExtensibilityGlobals) = postSolution
		SolutionGuid = {D86C102D-2D94-4C01-9DBD-1375C3620F66}
	EndGlobalSection
EndGlobal
